// !$*UTF8*$!
{
	archiveVersion = 1;
	classes = {
	};
	objectVersion = 55;
	objects = {

/* Begin PBXBuildFile section */
		42C7557581988ED92E5B2A54 /* Pods_ChessTests.framework in Frameworks */ = {isa = PBXBuildFile; fileRef = AF66D9C11CE36C0FCCA78C4F /* Pods_ChessTests.framework */; };
		43C7AB2F286987EC009572A0 /* BoardView.swift in Sources */ = {isa = PBXBuildFile; fileRef = 43C7AB2E286987EC009572A0 /* BoardView.swift */; };
		43C7AB3428698CB7009572A0 /* Knight.swift in Sources */ = {isa = PBXBuildFile; fileRef = 43C7AB3328698CB7009572A0 /* Knight.swift */; };
		43C7AB3628698CCC009572A0 /* Biship.swift in Sources */ = {isa = PBXBuildFile; fileRef = 43C7AB3528698CCC009572A0 /* Biship.swift */; };
		43C7AB3828698CD4009572A0 /* Rook.swift in Sources */ = {isa = PBXBuildFile; fileRef = 43C7AB3728698CD4009572A0 /* Rook.swift */; };
		43C7AB3A28698CDC009572A0 /* Queen.swift in Sources */ = {isa = PBXBuildFile; fileRef = 43C7AB3928698CDC009572A0 /* Queen.swift */; };
		43FDFD7628604EB1005C2CF4 /* AppDelegate.swift in Sources */ = {isa = PBXBuildFile; fileRef = 43FDFD7528604EB1005C2CF4 /* AppDelegate.swift */; };
		43FDFD7828604EB1005C2CF4 /* SceneDelegate.swift in Sources */ = {isa = PBXBuildFile; fileRef = 43FDFD7728604EB1005C2CF4 /* SceneDelegate.swift */; };
		43FDFD7A28604EB1005C2CF4 /* ViewController.swift in Sources */ = {isa = PBXBuildFile; fileRef = 43FDFD7928604EB1005C2CF4 /* ViewController.swift */; };
		43FDFD7D28604EB1005C2CF4 /* Main.storyboard in Resources */ = {isa = PBXBuildFile; fileRef = 43FDFD7B28604EB1005C2CF4 /* Main.storyboard */; };
		43FDFD7F28604EB2005C2CF4 /* Assets.xcassets in Resources */ = {isa = PBXBuildFile; fileRef = 43FDFD7E28604EB2005C2CF4 /* Assets.xcassets */; };
		43FDFD8228604EB2005C2CF4 /* LaunchScreen.storyboard in Resources */ = {isa = PBXBuildFile; fileRef = 43FDFD8028604EB2005C2CF4 /* LaunchScreen.storyboard */; };
		43FDFD8D28605024005C2CF4 /* Board.swift in Sources */ = {isa = PBXBuildFile; fileRef = 43FDFD8C28605024005C2CF4 /* Board.swift */; };
		43FDFD8F28605400005C2CF4 /* Unit.swift in Sources */ = {isa = PBXBuildFile; fileRef = 43FDFD8E28605400005C2CF4 /* Unit.swift */; };
		43FDFD9128605AE6005C2CF4 /* Pawn.swift in Sources */ = {isa = PBXBuildFile; fileRef = 43FDFD9028605AE6005C2CF4 /* Pawn.swift */; };
		43FDFD9328607FFC005C2CF4 /* String+.swift in Sources */ = {isa = PBXBuildFile; fileRef = 43FDFD9228607FFC005C2CF4 /* String+.swift */; };
		43FDFD9B286088D9005C2CF4 /* ChessTests.swift in Sources */ = {isa = PBXBuildFile; fileRef = 43FDFD9A286088D9005C2CF4 /* ChessTests.swift */; };
		F8C6378C7B718A6F11988B63 /* Pods_Chess.framework in Frameworks */ = {isa = PBXBuildFile; fileRef = F5D47FB9A1A9A6054ADDB7F6 /* Pods_Chess.framework */; };
/* End PBXBuildFile section */

/* Begin PBXContainerItemProxy section */
		43FDFD9C286088D9005C2CF4 /* PBXContainerItemProxy */ = {
			isa = PBXContainerItemProxy;
			containerPortal = 43FDFD6A28604EB1005C2CF4 /* Project object */;
			proxyType = 1;
			remoteGlobalIDString = 43FDFD7128604EB1005C2CF4;
			remoteInfo = Chess;
		};
/* End PBXContainerItemProxy section */

/* Begin PBXFileReference section */
		1F3BBF2D405836EAD309AA96 /* Pods-Chess.release.xcconfig */ = {isa = PBXFileReference; includeInIndex = 1; lastKnownFileType = text.xcconfig; name = "Pods-Chess.release.xcconfig"; path = "Target Support Files/Pods-Chess/Pods-Chess.release.xcconfig"; sourceTree = "<group>"; };
		286509EA487832B58999DDA9 /* Pods-Chess.debug.xcconfig */ = {isa = PBXFileReference; includeInIndex = 1; lastKnownFileType = text.xcconfig; name = "Pods-Chess.debug.xcconfig"; path = "Target Support Files/Pods-Chess/Pods-Chess.debug.xcconfig"; sourceTree = "<group>"; };
		3F09D83D07C6D19BAEBC30C2 /* Pods-ChessTests.debug.xcconfig */ = {isa = PBXFileReference; includeInIndex = 1; lastKnownFileType = text.xcconfig; name = "Pods-ChessTests.debug.xcconfig"; path = "Target Support Files/Pods-ChessTests/Pods-ChessTests.debug.xcconfig"; sourceTree = "<group>"; };
		43C7AB2E286987EC009572A0 /* BoardView.swift */ = {isa = PBXFileReference; lastKnownFileType = sourcecode.swift; path = BoardView.swift; sourceTree = "<group>"; };
		43C7AB3328698CB7009572A0 /* Knight.swift */ = {isa = PBXFileReference; lastKnownFileType = sourcecode.swift; path = Knight.swift; sourceTree = "<group>"; };
		43C7AB3528698CCC009572A0 /* Biship.swift */ = {isa = PBXFileReference; lastKnownFileType = sourcecode.swift; path = Biship.swift; sourceTree = "<group>"; };
		43C7AB3728698CD4009572A0 /* Rook.swift */ = {isa = PBXFileReference; lastKnownFileType = sourcecode.swift; path = Rook.swift; sourceTree = "<group>"; };
		43C7AB3928698CDC009572A0 /* Queen.swift */ = {isa = PBXFileReference; lastKnownFileType = sourcecode.swift; path = Queen.swift; sourceTree = "<group>"; };
		43FDFD7228604EB1005C2CF4 /* Chess.app */ = {isa = PBXFileReference; explicitFileType = wrapper.application; includeInIndex = 0; path = Chess.app; sourceTree = BUILT_PRODUCTS_DIR; };
		43FDFD7528604EB1005C2CF4 /* AppDelegate.swift */ = {isa = PBXFileReference; lastKnownFileType = sourcecode.swift; path = AppDelegate.swift; sourceTree = "<group>"; };
		43FDFD7728604EB1005C2CF4 /* SceneDelegate.swift */ = {isa = PBXFileReference; lastKnownFileType = sourcecode.swift; path = SceneDelegate.swift; sourceTree = "<group>"; };
		43FDFD7928604EB1005C2CF4 /* ViewController.swift */ = {isa = PBXFileReference; lastKnownFileType = sourcecode.swift; path = ViewController.swift; sourceTree = "<group>"; };
		43FDFD7C28604EB1005C2CF4 /* Base */ = {isa = PBXFileReference; lastKnownFileType = file.storyboard; name = Base; path = Base.lproj/Main.storyboard; sourceTree = "<group>"; };
		43FDFD7E28604EB2005C2CF4 /* Assets.xcassets */ = {isa = PBXFileReference; lastKnownFileType = folder.assetcatalog; path = Assets.xcassets; sourceTree = "<group>"; };
		43FDFD8128604EB2005C2CF4 /* Base */ = {isa = PBXFileReference; lastKnownFileType = file.storyboard; name = Base; path = Base.lproj/LaunchScreen.storyboard; sourceTree = "<group>"; };
		43FDFD8328604EB2005C2CF4 /* Info.plist */ = {isa = PBXFileReference; lastKnownFileType = text.plist.xml; path = Info.plist; sourceTree = "<group>"; };
		43FDFD8C28605024005C2CF4 /* Board.swift */ = {isa = PBXFileReference; lastKnownFileType = sourcecode.swift; path = Board.swift; sourceTree = "<group>"; };
		43FDFD8E28605400005C2CF4 /* Unit.swift */ = {isa = PBXFileReference; lastKnownFileType = sourcecode.swift; path = Unit.swift; sourceTree = "<group>"; };
		43FDFD9028605AE6005C2CF4 /* Pawn.swift */ = {isa = PBXFileReference; lastKnownFileType = sourcecode.swift; path = Pawn.swift; sourceTree = "<group>"; };
		43FDFD9228607FFC005C2CF4 /* String+.swift */ = {isa = PBXFileReference; lastKnownFileType = sourcecode.swift; path = "String+.swift"; sourceTree = "<group>"; };
		43FDFD98286088D9005C2CF4 /* ChessTests.xctest */ = {isa = PBXFileReference; explicitFileType = wrapper.cfbundle; includeInIndex = 0; path = ChessTests.xctest; sourceTree = BUILT_PRODUCTS_DIR; };
		43FDFD9A286088D9005C2CF4 /* ChessTests.swift */ = {isa = PBXFileReference; lastKnownFileType = sourcecode.swift; path = ChessTests.swift; sourceTree = "<group>"; };
		AF66D9C11CE36C0FCCA78C4F /* Pods_ChessTests.framework */ = {isa = PBXFileReference; explicitFileType = wrapper.framework; includeInIndex = 0; path = Pods_ChessTests.framework; sourceTree = BUILT_PRODUCTS_DIR; };
		DF027F298024A8407EFEC579 /* Pods-ChessTests.release.xcconfig */ = {isa = PBXFileReference; includeInIndex = 1; lastKnownFileType = text.xcconfig; name = "Pods-ChessTests.release.xcconfig"; path = "Target Support Files/Pods-ChessTests/Pods-ChessTests.release.xcconfig"; sourceTree = "<group>"; };
		F5D47FB9A1A9A6054ADDB7F6 /* Pods_Chess.framework */ = {isa = PBXFileReference; explicitFileType = wrapper.framework; includeInIndex = 0; path = Pods_Chess.framework; sourceTree = BUILT_PRODUCTS_DIR; };
/* End PBXFileReference section */

/* Begin PBXFrameworksBuildPhase section */
		43FDFD6F28604EB1005C2CF4 /* Frameworks */ = {
			isa = PBXFrameworksBuildPhase;
			buildActionMask = 2147483647;
			files = (
				F8C6378C7B718A6F11988B63 /* Pods_Chess.framework in Frameworks */,
			);
			runOnlyForDeploymentPostprocessing = 0;
		};
		43FDFD95286088D9005C2CF4 /* Frameworks */ = {
			isa = PBXFrameworksBuildPhase;
			buildActionMask = 2147483647;
			files = (
				42C7557581988ED92E5B2A54 /* Pods_ChessTests.framework in Frameworks */,
			);
			runOnlyForDeploymentPostprocessing = 0;
		};
/* End PBXFrameworksBuildPhase section */

/* Begin PBXGroup section */
		43C7AB3028698844009572A0 /* View */ = {
			isa = PBXGroup;
			children = (
				43C7AB2E286987EC009572A0 /* BoardView.swift */,
			);
			path = View;
			sourceTree = "<group>";
		};
		43C7AB312869884A009572A0 /* ViewController */ = {
			isa = PBXGroup;
			children = (
				43FDFD7928604EB1005C2CF4 /* ViewController.swift */,
			);
			path = ViewController;
			sourceTree = "<group>";
		};
		43C7AB322869885F009572A0 /* Extension */ = {
			isa = PBXGroup;
			children = (
				43FDFD9228607FFC005C2CF4 /* String+.swift */,
			);
			path = Extension;
			sourceTree = "<group>";
		};
		43FDFD6928604EB1005C2CF4 = {
			isa = PBXGroup;
			children = (
				43FDFD7428604EB1005C2CF4 /* Chess */,
				43FDFD99286088D9005C2CF4 /* ChessTests */,
				43FDFD7328604EB1005C2CF4 /* Products */,
				A19FD5EDE84D051EFD6C191E /* Pods */,
				A3686D89346EABE0993C1216 /* Frameworks */,
			);
			sourceTree = "<group>";
		};
		43FDFD7328604EB1005C2CF4 /* Products */ = {
			isa = PBXGroup;
			children = (
				43FDFD7228604EB1005C2CF4 /* Chess.app */,
				43FDFD98286088D9005C2CF4 /* ChessTests.xctest */,
			);
			name = Products;
			sourceTree = "<group>";
		};
		43FDFD7428604EB1005C2CF4 /* Chess */ = {
			isa = PBXGroup;
			children = (
				43C7AB312869884A009572A0 /* ViewController */,
				43C7AB3028698844009572A0 /* View */,
				43FDFD8928604FA4005C2CF4 /* Model */,
				43C7AB322869885F009572A0 /* Extension */,
				43FDFD7728604EB1005C2CF4 /* SceneDelegate.swift */,
				43FDFD7528604EB1005C2CF4 /* AppDelegate.swift */,
				43FDFD7B28604EB1005C2CF4 /* Main.storyboard */,
				43FDFD8028604EB2005C2CF4 /* LaunchScreen.storyboard */,
				43FDFD7E28604EB2005C2CF4 /* Assets.xcassets */,
				43FDFD8328604EB2005C2CF4 /* Info.plist */,
			);
			path = Chess;
			sourceTree = "<group>";
		};
		43FDFD8928604FA4005C2CF4 /* Model */ = {
			isa = PBXGroup;
			children = (
				43FDFD8C28605024005C2CF4 /* Board.swift */,
				43FDFD8E28605400005C2CF4 /* Unit.swift */,
				43FDFD9028605AE6005C2CF4 /* Pawn.swift */,
				43C7AB3328698CB7009572A0 /* Knight.swift */,
				43C7AB3528698CCC009572A0 /* Biship.swift */,
				43C7AB3728698CD4009572A0 /* Rook.swift */,
				43C7AB3928698CDC009572A0 /* Queen.swift */,
			);
			path = Model;
			sourceTree = "<group>";
		};
		43FDFD99286088D9005C2CF4 /* ChessTests */ = {
			isa = PBXGroup;
			children = (
				43FDFD9A286088D9005C2CF4 /* ChessTests.swift */,
			);
			path = ChessTests;
			sourceTree = "<group>";
		};
		A19FD5EDE84D051EFD6C191E /* Pods */ = {
			isa = PBXGroup;
			children = (
				286509EA487832B58999DDA9 /* Pods-Chess.debug.xcconfig */,
				1F3BBF2D405836EAD309AA96 /* Pods-Chess.release.xcconfig */,
				3F09D83D07C6D19BAEBC30C2 /* Pods-ChessTests.debug.xcconfig */,
				DF027F298024A8407EFEC579 /* Pods-ChessTests.release.xcconfig */,
			);
			name = Pods;
			path = Pods;
			sourceTree = "<group>";
		};
		A3686D89346EABE0993C1216 /* Frameworks */ = {
			isa = PBXGroup;
			children = (
				F5D47FB9A1A9A6054ADDB7F6 /* Pods_Chess.framework */,
				AF66D9C11CE36C0FCCA78C4F /* Pods_ChessTests.framework */,
			);
			name = Frameworks;
			sourceTree = "<group>";
		};
/* End PBXGroup section */

/* Begin PBXNativeTarget section */
		43FDFD7128604EB1005C2CF4 /* Chess */ = {
			isa = PBXNativeTarget;
			buildConfigurationList = 43FDFD8628604EB2005C2CF4 /* Build configuration list for PBXNativeTarget "Chess" */;
			buildPhases = (
				31168DB748308E43FEFD21FC /* [CP] Check Pods Manifest.lock */,
				43FDFD6E28604EB1005C2CF4 /* Sources */,
				43FDFD6F28604EB1005C2CF4 /* Frameworks */,
				43FDFD7028604EB1005C2CF4 /* Resources */,
			);
			buildRules = (
			);
			dependencies = (
			);
			name = Chess;
			productName = Chess;
			productReference = 43FDFD7228604EB1005C2CF4 /* Chess.app */;
			productType = "com.apple.product-type.application";
		};
		43FDFD97286088D9005C2CF4 /* ChessTests */ = {
			isa = PBXNativeTarget;
			buildConfigurationList = 43FDFD9E286088D9005C2CF4 /* Build configuration list for PBXNativeTarget "ChessTests" */;
			buildPhases = (
				AD06C084884E73E7280ABDB6 /* [CP] Check Pods Manifest.lock */,
				43FDFD94286088D9005C2CF4 /* Sources */,
				43FDFD95286088D9005C2CF4 /* Frameworks */,
				43FDFD96286088D9005C2CF4 /* Resources */,
				9A77E73C4A2EA77C5D2DC9E0 /* [CP] Embed Pods Frameworks */,
			);
			buildRules = (
			);
			dependencies = (
				43FDFD9D286088D9005C2CF4 /* PBXTargetDependency */,
			);
			name = ChessTests;
			productName = ChessTests;
			productReference = 43FDFD98286088D9005C2CF4 /* ChessTests.xctest */;
			productType = "com.apple.product-type.bundle.unit-test";
		};
/* End PBXNativeTarget section */

/* Begin PBXProject section */
		43FDFD6A28604EB1005C2CF4 /* Project object */ = {
			isa = PBXProject;
			attributes = {
				BuildIndependentTargetsInParallel = 1;
				LastSwiftUpdateCheck = 1320;
				LastUpgradeCheck = 1320;
				TargetAttributes = {
					43FDFD7128604EB1005C2CF4 = {
						CreatedOnToolsVersion = 13.2.1;
					};
					43FDFD97286088D9005C2CF4 = {
						CreatedOnToolsVersion = 13.2.1;
						TestTargetID = 43FDFD7128604EB1005C2CF4;
					};
				};
			};
			buildConfigurationList = 43FDFD6D28604EB1005C2CF4 /* Build configuration list for PBXProject "Chess" */;
			compatibilityVersion = "Xcode 13.0";
			developmentRegion = en;
			hasScannedForEncodings = 0;
			knownRegions = (
				en,
				Base,
			);
			mainGroup = 43FDFD6928604EB1005C2CF4;
			productRefGroup = 43FDFD7328604EB1005C2CF4 /* Products */;
			projectDirPath = "";
			projectRoot = "";
			targets = (
				43FDFD7128604EB1005C2CF4 /* Chess */,
				43FDFD97286088D9005C2CF4 /* ChessTests */,
			);
		};
/* End PBXProject section */

/* Begin PBXResourcesBuildPhase section */
		43FDFD7028604EB1005C2CF4 /* Resources */ = {
			isa = PBXResourcesBuildPhase;
			buildActionMask = 2147483647;
			files = (
				43FDFD8228604EB2005C2CF4 /* LaunchScreen.storyboard in Resources */,
				43FDFD7F28604EB2005C2CF4 /* Assets.xcassets in Resources */,
				43FDFD7D28604EB1005C2CF4 /* Main.storyboard in Resources */,
			);
			runOnlyForDeploymentPostprocessing = 0;
		};
		43FDFD96286088D9005C2CF4 /* Resources */ = {
			isa = PBXResourcesBuildPhase;
			buildActionMask = 2147483647;
			files = (
			);
			runOnlyForDeploymentPostprocessing = 0;
		};
/* End PBXResourcesBuildPhase section */

/* Begin PBXShellScriptBuildPhase section */
		31168DB748308E43FEFD21FC /* [CP] Check Pods Manifest.lock */ = {
			isa = PBXShellScriptBuildPhase;
			buildActionMask = 2147483647;
			files = (
			);
			inputFileListPaths = (
			);
			inputPaths = (
				"${PODS_PODFILE_DIR_PATH}/Podfile.lock",
				"${PODS_ROOT}/Manifest.lock",
			);
			name = "[CP] Check Pods Manifest.lock";
			outputFileListPaths = (
			);
			outputPaths = (
				"$(DERIVED_FILE_DIR)/Pods-Chess-checkManifestLockResult.txt",
			);
			runOnlyForDeploymentPostprocessing = 0;
			shellPath = /bin/sh;
			shellScript = "diff \"${PODS_PODFILE_DIR_PATH}/Podfile.lock\" \"${PODS_ROOT}/Manifest.lock\" > /dev/null\nif [ $? != 0 ] ; then\n    # print error to STDERR\n    echo \"error: The sandbox is not in sync with the Podfile.lock. Run 'pod install' or update your CocoaPods installation.\" >&2\n    exit 1\nfi\n# This output is used by Xcode 'outputs' to avoid re-running this script phase.\necho \"SUCCESS\" > \"${SCRIPT_OUTPUT_FILE_0}\"\n";
			showEnvVarsInLog = 0;
		};
		9A77E73C4A2EA77C5D2DC9E0 /* [CP] Embed Pods Frameworks */ = {
			isa = PBXShellScriptBuildPhase;
			buildActionMask = 2147483647;
			files = (
			);
			inputFileListPaths = (
				"${PODS_ROOT}/Target Support Files/Pods-ChessTests/Pods-ChessTests-frameworks-${CONFIGURATION}-input-files.xcfilelist",
			);
			name = "[CP] Embed Pods Frameworks";
			outputFileListPaths = (
				"${PODS_ROOT}/Target Support Files/Pods-ChessTests/Pods-ChessTests-frameworks-${CONFIGURATION}-output-files.xcfilelist",
			);
			runOnlyForDeploymentPostprocessing = 0;
			shellPath = /bin/sh;
			shellScript = "\"${PODS_ROOT}/Target Support Files/Pods-ChessTests/Pods-ChessTests-frameworks.sh\"\n";
			showEnvVarsInLog = 0;
		};
		AD06C084884E73E7280ABDB6 /* [CP] Check Pods Manifest.lock */ = {
			isa = PBXShellScriptBuildPhase;
			buildActionMask = 2147483647;
			files = (
			);
			inputFileListPaths = (
			);
			inputPaths = (
				"${PODS_PODFILE_DIR_PATH}/Podfile.lock",
				"${PODS_ROOT}/Manifest.lock",
			);
			name = "[CP] Check Pods Manifest.lock";
			outputFileListPaths = (
			);
			outputPaths = (
				"$(DERIVED_FILE_DIR)/Pods-ChessTests-checkManifestLockResult.txt",
			);
			runOnlyForDeploymentPostprocessing = 0;
			shellPath = /bin/sh;
			shellScript = "diff \"${PODS_PODFILE_DIR_PATH}/Podfile.lock\" \"${PODS_ROOT}/Manifest.lock\" > /dev/null\nif [ $? != 0 ] ; then\n    # print error to STDERR\n    echo \"error: The sandbox is not in sync with the Podfile.lock. Run 'pod install' or update your CocoaPods installation.\" >&2\n    exit 1\nfi\n# This output is used by Xcode 'outputs' to avoid re-running this script phase.\necho \"SUCCESS\" > \"${SCRIPT_OUTPUT_FILE_0}\"\n";
			showEnvVarsInLog = 0;
		};
/* End PBXShellScriptBuildPhase section */

/* Begin PBXSourcesBuildPhase section */
		43FDFD6E28604EB1005C2CF4 /* Sources */ = {
			isa = PBXSourcesBuildPhase;
			buildActionMask = 2147483647;
			files = (
				43C7AB3A28698CDC009572A0 /* Queen.swift in Sources */,
				43FDFD7A28604EB1005C2CF4 /* ViewController.swift in Sources */,
				43FDFD9128605AE6005C2CF4 /* Pawn.swift in Sources */,
				43C7AB3628698CCC009572A0 /* Biship.swift in Sources */,
				43FDFD7628604EB1005C2CF4 /* AppDelegate.swift in Sources */,
				43FDFD8D28605024005C2CF4 /* Board.swift in Sources */,
				43C7AB3428698CB7009572A0 /* Knight.swift in Sources */,
				43FDFD8F28605400005C2CF4 /* Unit.swift in Sources */,
				43C7AB2F286987EC009572A0 /* BoardView.swift in Sources */,
				43C7AB3828698CD4009572A0 /* Rook.swift in Sources */,
				43FDFD9328607FFC005C2CF4 /* String+.swift in Sources */,
				43FDFD7828604EB1005C2CF4 /* SceneDelegate.swift in Sources */,
			);
			runOnlyForDeploymentPostprocessing = 0;
		};
		43FDFD94286088D9005C2CF4 /* Sources */ = {
			isa = PBXSourcesBuildPhase;
			buildActionMask = 2147483647;
			files = (
				43FDFD9B286088D9005C2CF4 /* ChessTests.swift in Sources */,
			);
			runOnlyForDeploymentPostprocessing = 0;
		};
/* End PBXSourcesBuildPhase section */

/* Begin PBXTargetDependency section */
		43FDFD9D286088D9005C2CF4 /* PBXTargetDependency */ = {
			isa = PBXTargetDependency;
			target = 43FDFD7128604EB1005C2CF4 /* Chess */;
			targetProxy = 43FDFD9C286088D9005C2CF4 /* PBXContainerItemProxy */;
		};
/* End PBXTargetDependency section */

/* Begin PBXVariantGroup section */
		43FDFD7B28604EB1005C2CF4 /* Main.storyboard */ = {
			isa = PBXVariantGroup;
			children = (
				43FDFD7C28604EB1005C2CF4 /* Base */,
			);
			name = Main.storyboard;
			sourceTree = "<group>";
		};
		43FDFD8028604EB2005C2CF4 /* LaunchScreen.storyboard */ = {
			isa = PBXVariantGroup;
			children = (
				43FDFD8128604EB2005C2CF4 /* Base */,
			);
			name = LaunchScreen.storyboard;
			sourceTree = "<group>";
		};
/* End PBXVariantGroup section */

/* Begin XCBuildConfiguration section */
		43FDFD8428604EB2005C2CF4 /* Debug */ = {
			isa = XCBuildConfiguration;
			buildSettings = {
				ALWAYS_SEARCH_USER_PATHS = NO;
				CLANG_ANALYZER_NONNULL = YES;
				CLANG_ANALYZER_NUMBER_OBJECT_CONVERSION = YES_AGGRESSIVE;
				CLANG_CXX_LANGUAGE_STANDARD = "gnu++17";
				CLANG_CXX_LIBRARY = "libc++";
				CLANG_ENABLE_MODULES = YES;
				CLANG_ENABLE_OBJC_ARC = YES;
				CLANG_ENABLE_OBJC_WEAK = YES;
				CLANG_WARN_BLOCK_CAPTURE_AUTORELEASING = YES;
				CLANG_WARN_BOOL_CONVERSION = YES;
				CLANG_WARN_COMMA = YES;
				CLANG_WARN_CONSTANT_CONVERSION = YES;
				CLANG_WARN_DEPRECATED_OBJC_IMPLEMENTATIONS = YES;
				CLANG_WARN_DIRECT_OBJC_ISA_USAGE = YES_ERROR;
				CLANG_WARN_DOCUMENTATION_COMMENTS = YES;
				CLANG_WARN_EMPTY_BODY = YES;
				CLANG_WARN_ENUM_CONVERSION = YES;
				CLANG_WARN_INFINITE_RECURSION = YES;
				CLANG_WARN_INT_CONVERSION = YES;
				CLANG_WARN_NON_LITERAL_NULL_CONVERSION = YES;
				CLANG_WARN_OBJC_IMPLICIT_RETAIN_SELF = YES;
				CLANG_WARN_OBJC_LITERAL_CONVERSION = YES;
				CLANG_WARN_OBJC_ROOT_CLASS = YES_ERROR;
				CLANG_WARN_QUOTED_INCLUDE_IN_FRAMEWORK_HEADER = YES;
				CLANG_WARN_RANGE_LOOP_ANALYSIS = YES;
				CLANG_WARN_STRICT_PROTOTYPES = YES;
				CLANG_WARN_SUSPICIOUS_MOVE = YES;
				CLANG_WARN_UNGUARDED_AVAILABILITY = YES_AGGRESSIVE;
				CLANG_WARN_UNREACHABLE_CODE = YES;
				CLANG_WARN__DUPLICATE_METHOD_MATCH = YES;
				COPY_PHASE_STRIP = NO;
				DEBUG_INFORMATION_FORMAT = dwarf;
				ENABLE_STRICT_OBJC_MSGSEND = YES;
				ENABLE_TESTABILITY = YES;
				GCC_C_LANGUAGE_STANDARD = gnu11;
				GCC_DYNAMIC_NO_PIC = NO;
				GCC_NO_COMMON_BLOCKS = YES;
				GCC_OPTIMIZATION_LEVEL = 0;
				GCC_PREPROCESSOR_DEFINITIONS = (
					"DEBUG=1",
					"$(inherited)",
				);
				GCC_WARN_64_TO_32_BIT_CONVERSION = YES;
				GCC_WARN_ABOUT_RETURN_TYPE = YES_ERROR;
				GCC_WARN_UNDECLARED_SELECTOR = YES;
				GCC_WARN_UNINITIALIZED_AUTOS = YES_AGGRESSIVE;
				GCC_WARN_UNUSED_FUNCTION = YES;
				GCC_WARN_UNUSED_VARIABLE = YES;
				IPHONEOS_DEPLOYMENT_TARGET = 15.2;
				MTL_ENABLE_DEBUG_INFO = INCLUDE_SOURCE;
				MTL_FAST_MATH = YES;
				ONLY_ACTIVE_ARCH = YES;
				SDKROOT = iphoneos;
				SWIFT_ACTIVE_COMPILATION_CONDITIONS = DEBUG;
				SWIFT_OPTIMIZATION_LEVEL = "-Onone";
			};
			name = Debug;
		};
		43FDFD8528604EB2005C2CF4 /* Release */ = {
			isa = XCBuildConfiguration;
			buildSettings = {
				ALWAYS_SEARCH_USER_PATHS = NO;
				CLANG_ANALYZER_NONNULL = YES;
				CLANG_ANALYZER_NUMBER_OBJECT_CONVERSION = YES_AGGRESSIVE;
				CLANG_CXX_LANGUAGE_STANDARD = "gnu++17";
				CLANG_CXX_LIBRARY = "libc++";
				CLANG_ENABLE_MODULES = YES;
				CLANG_ENABLE_OBJC_ARC = YES;
				CLANG_ENABLE_OBJC_WEAK = YES;
				CLANG_WARN_BLOCK_CAPTURE_AUTORELEASING = YES;
				CLANG_WARN_BOOL_CONVERSION = YES;
				CLANG_WARN_COMMA = YES;
				CLANG_WARN_CONSTANT_CONVERSION = YES;
				CLANG_WARN_DEPRECATED_OBJC_IMPLEMENTATIONS = YES;
				CLANG_WARN_DIRECT_OBJC_ISA_USAGE = YES_ERROR;
				CLANG_WARN_DOCUMENTATION_COMMENTS = YES;
				CLANG_WARN_EMPTY_BODY = YES;
				CLANG_WARN_ENUM_CONVERSION = YES;
				CLANG_WARN_INFINITE_RECURSION = YES;
				CLANG_WARN_INT_CONVERSION = YES;
				CLANG_WARN_NON_LITERAL_NULL_CONVERSION = YES;
				CLANG_WARN_OBJC_IMPLICIT_RETAIN_SELF = YES;
				CLANG_WARN_OBJC_LITERAL_CONVERSION = YES;
				CLANG_WARN_OBJC_ROOT_CLASS = YES_ERROR;
				CLANG_WARN_QUOTED_INCLUDE_IN_FRAMEWORK_HEADER = YES;
				CLANG_WARN_RANGE_LOOP_ANALYSIS = YES;
				CLANG_WARN_STRICT_PROTOTYPES = YES;
				CLANG_WARN_SUSPICIOUS_MOVE = YES;
				CLANG_WARN_UNGUARDED_AVAILABILITY = YES_AGGRESSIVE;
				CLANG_WARN_UNREACHABLE_CODE = YES;
				CLANG_WARN__DUPLICATE_METHOD_MATCH = YES;
				COPY_PHASE_STRIP = NO;
				DEBUG_INFORMATION_FORMAT = "dwarf-with-dsym";
				ENABLE_NS_ASSERTIONS = NO;
				ENABLE_STRICT_OBJC_MSGSEND = YES;
				GCC_C_LANGUAGE_STANDARD = gnu11;
				GCC_NO_COMMON_BLOCKS = YES;
				GCC_WARN_64_TO_32_BIT_CONVERSION = YES;
				GCC_WARN_ABOUT_RETURN_TYPE = YES_ERROR;
				GCC_WARN_UNDECLARED_SELECTOR = YES;
				GCC_WARN_UNINITIALIZED_AUTOS = YES_AGGRESSIVE;
				GCC_WARN_UNUSED_FUNCTION = YES;
				GCC_WARN_UNUSED_VARIABLE = YES;
				IPHONEOS_DEPLOYMENT_TARGET = 15.2;
				MTL_ENABLE_DEBUG_INFO = NO;
				MTL_FAST_MATH = YES;
				SDKROOT = iphoneos;
				SWIFT_COMPILATION_MODE = wholemodule;
				SWIFT_OPTIMIZATION_LEVEL = "-O";
				VALIDATE_PRODUCT = YES;
			};
			name = Release;
		};
		43FDFD8728604EB2005C2CF4 /* Debug */ = {
			isa = XCBuildConfiguration;
			baseConfigurationReference = 286509EA487832B58999DDA9 /* Pods-Chess.debug.xcconfig */;
			buildSettings = {
				ASSETCATALOG_COMPILER_APPICON_NAME = AppIcon;
				ASSETCATALOG_COMPILER_GLOBAL_ACCENT_COLOR_NAME = AccentColor;
				CODE_SIGN_STYLE = Automatic;
				CURRENT_PROJECT_VERSION = 1;
				GENERATE_INFOPLIST_FILE = YES;
				INFOPLIST_FILE = Chess/Info.plist;
				INFOPLIST_KEY_UIApplicationSupportsIndirectInputEvents = YES;
				INFOPLIST_KEY_UILaunchStoryboardName = LaunchScreen;
				INFOPLIST_KEY_UIMainStoryboardFile = Main;
				INFOPLIST_KEY_UISupportedInterfaceOrientations_iPad = "UIInterfaceOrientationPortrait UIInterfaceOrientationPortraitUpsideDown UIInterfaceOrientationLandscapeLeft UIInterfaceOrientationLandscapeRight";
				INFOPLIST_KEY_UISupportedInterfaceOrientations_iPhone = "UIInterfaceOrientationPortrait UIInterfaceOrientationLandscapeLeft UIInterfaceOrientationLandscapeRight";
				LD_RUNPATH_SEARCH_PATHS = (
					"$(inherited)",
					"@executable_path/Frameworks",
				);
				MARKETING_VERSION = 1.0;
				PRODUCT_BUNDLE_IDENTIFIER = herb.salt.Chess;
				PRODUCT_NAME = "$(TARGET_NAME)";
				SWIFT_EMIT_LOC_STRINGS = YES;
				SWIFT_VERSION = 5.0;
				TARGETED_DEVICE_FAMILY = "1,2";
			};
			name = Debug;
		};
		43FDFD8828604EB2005C2CF4 /* Release */ = {
			isa = XCBuildConfiguration;
			baseConfigurationReference = 1F3BBF2D405836EAD309AA96 /* Pods-Chess.release.xcconfig */;
			buildSettings = {
				ASSETCATALOG_COMPILER_APPICON_NAME = AppIcon;
				ASSETCATALOG_COMPILER_GLOBAL_ACCENT_COLOR_NAME = AccentColor;
				CODE_SIGN_STYLE = Automatic;
				CURRENT_PROJECT_VERSION = 1;
				GENERATE_INFOPLIST_FILE = YES;
				INFOPLIST_FILE = Chess/Info.plist;
				INFOPLIST_KEY_UIApplicationSupportsIndirectInputEvents = YES;
				INFOPLIST_KEY_UILaunchStoryboardName = LaunchScreen;
				INFOPLIST_KEY_UIMainStoryboardFile = Main;
				INFOPLIST_KEY_UISupportedInterfaceOrientations_iPad = "UIInterfaceOrientationPortrait UIInterfaceOrientationPortraitUpsideDown UIInterfaceOrientationLandscapeLeft UIInterfaceOrientationLandscapeRight";
				INFOPLIST_KEY_UISupportedInterfaceOrientations_iPhone = "UIInterfaceOrientationPortrait UIInterfaceOrientationLandscapeLeft UIInterfaceOrientationLandscapeRight";
				LD_RUNPATH_SEARCH_PATHS = (
					"$(inherited)",
					"@executable_path/Frameworks",
				);
				MARKETING_VERSION = 1.0;
				PRODUCT_BUNDLE_IDENTIFIER = herb.salt.Chess;
				PRODUCT_NAME = "$(TARGET_NAME)";
				SWIFT_EMIT_LOC_STRINGS = YES;
				SWIFT_VERSION = 5.0;
				TARGETED_DEVICE_FAMILY = "1,2";
			};
			name = Release;
		};
		43FDFD9F286088D9005C2CF4 /* Debug */ = {
			isa = XCBuildConfiguration;
			baseConfigurationReference = 3F09D83D07C6D19BAEBC30C2 /* Pods-ChessTests.debug.xcconfig */;
			buildSettings = {
				BUNDLE_LOADER = "$(TEST_HOST)";
				CODE_SIGN_STYLE = Automatic;
				CURRENT_PROJECT_VERSION = 1;
				GENERATE_INFOPLIST_FILE = YES;
				MARKETING_VERSION = 1.0;
				PRODUCT_BUNDLE_IDENTIFIER = herb.salt.ChessTests;
				PRODUCT_NAME = "$(TARGET_NAME)";
				SWIFT_EMIT_LOC_STRINGS = NO;
				SWIFT_VERSION = 5.0;
				TARGETED_DEVICE_FAMILY = "1,2";
				TEST_HOST = "$(BUILT_PRODUCTS_DIR)/Chess.app/Chess";
			};
			name = Debug;
		};
		43FDFDA0286088D9005C2CF4 /* Release */ = {
			isa = XCBuildConfiguration;
			baseConfigurationReference = DF027F298024A8407EFEC579 /* Pods-ChessTests.release.xcconfig */;
			buildSettings = {
				BUNDLE_LOADER = "$(TEST_HOST)";
				CODE_SIGN_STYLE = Automatic;
				CURRENT_PROJECT_VERSION = 1;
				GENERATE_INFOPLIST_FILE = YES;
				MARKETING_VERSION = 1.0;
				PRODUCT_BUNDLE_IDENTIFIER = herb.salt.ChessTests;
				PRODUCT_NAME = "$(TARGET_NAME)";
				SWIFT_EMIT_LOC_STRINGS = NO;
				SWIFT_VERSION = 5.0;
				TARGETED_DEVICE_FAMILY = "1,2";
				TEST_HOST = "$(BUILT_PRODUCTS_DIR)/Chess.app/Chess";
			};
			name = Release;
		};
/* End XCBuildConfiguration section */

/* Begin XCConfigurationList section */
		43FDFD6D28604EB1005C2CF4 /* Build configuration list for PBXProject "Chess" */ = {
			isa = XCConfigurationList;
			buildConfigurations = (
				43FDFD8428604EB2005C2CF4 /* Debug */,
				43FDFD8528604EB2005C2CF4 /* Release */,
			);
			defaultConfigurationIsVisible = 0;
			defaultConfigurationName = Release;
		};
		43FDFD8628604EB2005C2CF4 /* Build configuration list for PBXNativeTarget "Chess" */ = {
			isa = XCConfigurationList;
			buildConfigurations = (
				43FDFD8728604EB2005C2CF4 /* Debug */,
				43FDFD8828604EB2005C2CF4 /* Release */,
			);
			defaultConfigurationIsVisible = 0;
			defaultConfigurationName = Release;
		};
		43FDFD9E286088D9005C2CF4 /* Build configuration list for PBXNativeTarget "ChessTests" */ = {
			isa = XCConfigurationList;
			buildConfigurations = (
				43FDFD9F286088D9005C2CF4 /* Debug */,
				43FDFDA0286088D9005C2CF4 /* Release */,
			);
			defaultConfigurationIsVisible = 0;
			defaultConfigurationName = Release;
		};
/* End XCConfigurationList section */
	};
	rootObject = 43FDFD6A28604EB1005C2CF4 /* Project object */;
}
